
Microsoft Visual Studio Solution File, Format Version 12.00
# Visual Studio 15
VisualStudioVersion = 15.0.27130.2026
MinimumVisualStudioVersion = 10.0.40219.1
Project("{9A19103F-16F7-4668-BE54-9A1E7A4F7556}") = "QAWebsite", "QAWebsite\QAWebsite.csproj", "{9BAC722E-22A6-47FB-95FC-E13301A99A90}"
EndProject
Global
	GlobalSection(SolutionConfigurationPlatforms) = preSolution
		Debug|Any CPU = Debug|Any CPU
		Release|Any CPU = Release|Any CPU
	EndGlobalSection
	GlobalSection(ProjectConfigurationPlatforms) = postSolution
		{9BAC722E-22A6-47FB-95FC-E13301A99A90}.Debug|Any CPU.ActiveCfg = Debug|Any CPU
		{9BAC722E-22A6-47FB-95FC-E13301A99A90}.Debug|Any CPU.Build.0 = Debug|Any CPU
		{9BAC722E-22A6-47FB-95FC-E13301A99A90}.Release|Any CPU.ActiveCfg = Release|Any CPU
		{9BAC722E-22A6-47FB-95FC-E13301A99A90}.Release|Any CPU.Build.0 = Release|Any CPU
	EndGlobalSection
	GlobalSection(SolutionProperties) = preSolution
		HideSolutionNode = FALSE
	EndGlobalSection
	GlobalSection(ExtensibilityGlobals) = postSolution
		SolutionGuid = {EB8E5722-419A-4D8D-88EF-30A5567586EC}
	EndGlobalSection
EndGlobal
